{
  "version": 4,
  "terraform_version": "1.1.8",
  "serial": 226,
  "lineage": "c0818aeb-2b60-be37-6223-0a6ab30049c8",
  "outputs": {
    "deven-container-name": {
      "value": "deven",
      "type": "string"
    },
    "docker-host": {
      "value": "d4r.local",
      "type": "string"
    },
    "ssh-port": {
      "value": 32222,
      "type": "number"
    }
  },
  "resources": [
    {
      "module": "module.deven-docker",
      "mode": "managed",
      "type": "docker_container",
      "name": "deven",
      "provider": "module.deven-docker.provider[\"registry.terraform.io/kreuzwerker/docker\"]",
      "instances": [
        {
          "schema_version": 2,
          "attributes": {
            "attach": false,
            "bridge": "",
            "capabilities": [],
            "command": [
              "/usr/sbin/sshd",
              "-D"
            ],
            "container_logs": null,
            "cpu_set": "",
            "cpu_shares": 0,
            "destroy_grace_seconds": null,
            "devices": [],
            "dns": null,
            "dns_opts": null,
            "dns_search": null,
            "domainname": "",
            "entrypoint": [],
            "env": [],
            "exit_code": null,
            "gateway": "172.17.0.1",
            "group_add": null,
            "healthcheck": null,
            "host": [],
            "hostname": "4478f8eceb3c",
            "id": "4478f8eceb3c2eddb9d3b25b6c5a27f6268a992fe2a2c1fae9511d2718bde2f7",
            "image": "sha256:ddb5bc0af66dc364166795804cbf8a20dc36bea185326108aed772d8f9bfcf4d",
            "init": false,
            "ip_address": "172.17.0.3",
            "ip_prefix_length": 16,
            "ipc_mode": "private",
            "labels": [],
            "links": null,
            "log_driver": "json-file",
            "log_opts": null,
            "logs": false,
            "max_retry_count": 0,
            "memory": 0,
            "memory_swap": 0,
            "mounts": [],
            "must_run": true,
            "name": "deven",
            "network_alias": null,
            "network_data": [
              {
                "gateway": "172.17.0.1",
                "global_ipv6_address": "",
                "global_ipv6_prefix_length": 0,
                "ip_address": "172.17.0.3",
                "ip_prefix_length": 16,
                "ipv6_gateway": "",
                "network_name": "bridge"
              }
            ],
            "network_mode": "default",
            "networks": null,
            "networks_advanced": [],
            "pid_mode": "",
            "ports": [
              {
                "external": 32222,
                "internal": 22,
                "ip": "0.0.0.0",
                "protocol": "tcp"
              }
            ],
            "privileged": false,
            "publish_all_ports": false,
            "read_only": false,
            "remove_volumes": true,
            "restart": "no",
            "rm": false,
            "security_opts": [],
            "shm_size": 64,
            "start": true,
            "stdin_open": false,
            "storage_opts": null,
            "sysctls": null,
            "tmpfs": null,
            "tty": false,
            "ulimit": [],
            "upload": [],
            "user": "",
            "userns_mode": "",
            "volumes": [
              {
                "container_path": "/var/run/docker.sock",
                "from_container": "",
                "host_path": "/var/run/docker.sock",
                "read_only": null,
                "volume_name": ""
              },
              {
                "container_path": "/workspace",
                "from_container": "",
                "host_path": "",
                "read_only": false,
                "volume_name": "rennochj-playgroud-workspace"
              }
            ],
            "working_dir": ""
          },
          "sensitive_attributes": [],
          "private": "eyJzY2hlbWFfdmVyc2lvbiI6IjIifQ==",
          "dependencies": [
            "module.deven-docker.docker_image.deven-image",
            "module.deven-docker.docker_volume.deven-workspace"
          ]
        }
      ]
    },
    {
      "module": "module.deven-docker",
      "mode": "managed",
      "type": "docker_container",
      "name": "initialize-workspace",
      "provider": "module.deven-docker.provider[\"registry.terraform.io/kreuzwerker/docker\"]",
      "instances": [
        {
          "schema_version": 2,
          "attributes": {
            "attach": false,
            "bridge": "",
            "capabilities": [],
            "command": [
              "bash",
              "-c",
              "if [ -n 'https://github.com/rennochj/deven.git' ]; then cd /workspace \u0026\u0026 git clone 'https://github.com/rennochj/deven.git' \u0026\u0026 chown deven /workspace; fi"
            ],
            "container_logs": null,
            "cpu_set": "",
            "cpu_shares": 0,
            "destroy_grace_seconds": null,
            "devices": [],
            "dns": null,
            "dns_opts": null,
            "dns_search": null,
            "domainname": "",
            "entrypoint": [],
            "env": [],
            "exit_code": null,
            "gateway": "172.17.0.1",
            "group_add": null,
            "healthcheck": null,
            "host": [],
            "hostname": "91de59f85318",
            "id": "91de59f853182c0f44a61a632d3db8172cc1fb664b1dfa5b4b19e40e577d2de5",
            "image": "sha256:043b48d4775d4a2e8aeff63a18b1d74189c5ac2a383321333efaf76d779c90bd",
            "init": false,
            "ip_address": "172.17.0.2",
            "ip_prefix_length": 16,
            "ipc_mode": "private",
            "labels": [],
            "links": null,
            "log_driver": "json-file",
            "log_opts": null,
            "logs": false,
            "max_retry_count": 0,
            "memory": 0,
            "memory_swap": 0,
            "mounts": [],
            "must_run": true,
            "name": "deven-initialize-workspace",
            "network_alias": null,
            "network_data": [
              {
                "gateway": "172.17.0.1",
                "global_ipv6_address": "",
                "global_ipv6_prefix_length": 0,
                "ip_address": "172.17.0.2",
                "ip_prefix_length": 16,
                "ipv6_gateway": "",
                "network_name": "bridge"
              }
            ],
            "network_mode": "default",
            "networks": null,
            "networks_advanced": [],
            "pid_mode": "",
            "ports": [],
            "privileged": false,
            "publish_all_ports": false,
            "read_only": false,
            "remove_volumes": true,
            "restart": "no",
            "rm": false,
            "security_opts": [],
            "shm_size": 64,
            "start": true,
            "stdin_open": false,
            "storage_opts": null,
            "sysctls": null,
            "tmpfs": null,
            "tty": true,
            "ulimit": [],
            "upload": [],
            "user": "",
            "userns_mode": "",
            "volumes": [
              {
                "container_path": "/workspace",
                "from_container": "",
                "host_path": "",
                "read_only": false,
                "volume_name": "rennochj-playgroud-workspace"
              }
            ],
            "working_dir": ""
          },
          "sensitive_attributes": [],
          "private": "eyJzY2hlbWFfdmVyc2lvbiI6IjIifQ==",
          "dependencies": [
            "module.deven-docker.docker_image.alpine-git",
            "module.deven-docker.docker_volume.deven-workspace"
          ]
        }
      ]
    },
    {
      "module": "module.deven-docker",
      "mode": "managed",
      "type": "docker_image",
      "name": "alpine-git",
      "provider": "module.deven-docker.provider[\"registry.terraform.io/kreuzwerker/docker\"]",
      "instances": [
        {
          "schema_version": 0,
          "attributes": {
            "build": [],
            "force_remove": null,
            "id": "sha256:043b48d4775d4a2e8aeff63a18b1d74189c5ac2a383321333efaf76d779c90bdghcr.io/rennochj/deven-alpine-base:latest",
            "keep_locally": true,
            "latest": "sha256:043b48d4775d4a2e8aeff63a18b1d74189c5ac2a383321333efaf76d779c90bd",
            "name": "ghcr.io/rennochj/deven-alpine-base:latest",
            "output": null,
            "pull_trigger": null,
            "pull_triggers": null,
            "repo_digest": "ghcr.io/rennochj/deven-alpine-base@sha256:e08c807aeec98de0ec876780a2c8dd5f1bc64789db69aa2ac526ade4f4b91899"
          },
          "sensitive_attributes": [],
          "private": "bnVsbA=="
        }
      ]
    },
    {
      "module": "module.deven-docker",
      "mode": "managed",
      "type": "docker_image",
      "name": "deven-image",
      "provider": "module.deven-docker.provider[\"registry.terraform.io/kreuzwerker/docker\"]",
      "instances": [
        {
          "schema_version": 0,
          "attributes": {
            "build": [],
            "force_remove": null,
            "id": "sha256:ddb5bc0af66dc364166795804cbf8a20dc36bea185326108aed772d8f9bfcf4dghcr.io/rennochj/deven-amazon-base:latest",
            "keep_locally": true,
            "latest": "sha256:ddb5bc0af66dc364166795804cbf8a20dc36bea185326108aed772d8f9bfcf4d",
            "name": "ghcr.io/rennochj/deven-amazon-base:latest",
            "output": null,
            "pull_trigger": null,
            "pull_triggers": null,
            "repo_digest": "ghcr.io/rennochj/deven-amazon-base@sha256:5bd58f456aa6ac0b4c9e2e7b63ed358c86b093d3c0b19d6b4e73d988b0bf786d"
          },
          "sensitive_attributes": [],
          "private": "bnVsbA=="
        }
      ]
    },
    {
      "module": "module.deven-docker",
      "mode": "managed",
      "type": "docker_volume",
      "name": "deven-workspace",
      "provider": "module.deven-docker.provider[\"registry.terraform.io/kreuzwerker/docker\"]",
      "instances": [
        {
          "schema_version": 1,
          "attributes": {
            "driver": "local",
            "driver_opts": null,
            "id": "rennochj-playgroud-workspace",
            "labels": [],
            "mountpoint": "/var/snap/docker/common/var-lib-docker/volumes/rennochj-playgroud-workspace/_data",
            "name": "rennochj-playgroud-workspace"
          },
          "sensitive_attributes": [],
          "private": "eyJzY2hlbWFfdmVyc2lvbiI6IjEifQ=="
        }
      ]
    }
  ]
}
