{
  "version": 4,
  "terraform_version": "1.1.8",
  "serial": 258,
  "lineage": "77940ea8-b42e-e993-60dc-50579c6132cc",
  "outputs": {
    "deven_container": {
      "value": {
        "container": {
          "attach": false,
          "bridge": "",
          "capabilities": [],
          "command": [
            "/usr/sbin/sshd",
            "-D"
          ],
          "container_logs": null,
          "cpu_set": "",
          "cpu_shares": 0,
          "destroy_grace_seconds": null,
          "devices": [],
          "dns": null,
          "dns_opts": null,
          "dns_search": null,
          "domainname": "",
          "entrypoint": [],
          "env": [],
          "exit_code": null,
          "gateway": "172.17.0.1",
          "group_add": null,
          "healthcheck": null,
          "host": [],
          "hostname": "2c0798726407",
          "id": "2c079872640782910aea7125f0dffe1ab59682dbccc0642f3f4fc280b7e418ed",
          "image": "sha256:0259fd356ddcd98dea62a94460c783a76f917aeea1db98aa52976f34221e7ac2",
          "init": false,
          "ip_address": "172.17.0.4",
          "ip_prefix_length": 16,
          "ipc_mode": "private",
          "labels": [],
          "links": null,
          "log_driver": "json-file",
          "log_opts": null,
          "logs": false,
          "max_retry_count": 0,
          "memory": 0,
          "memory_swap": 0,
          "mounts": [],
          "must_run": true,
          "name": "deven",
          "network_alias": null,
          "network_data": [
            {
              "gateway": "172.17.0.1",
              "global_ipv6_address": "",
              "global_ipv6_prefix_length": 0,
              "ip_address": "172.17.0.4",
              "ip_prefix_length": 16,
              "ipv6_gateway": "",
              "network_name": "bridge"
            }
          ],
          "network_mode": "default",
          "networks": null,
          "networks_advanced": [],
          "pid_mode": "",
          "ports": [
            {
              "external": 32222,
              "internal": 22,
              "ip": "0.0.0.0",
              "protocol": "tcp"
            }
          ],
          "privileged": false,
          "publish_all_ports": false,
          "read_only": false,
          "remove_volumes": true,
          "restart": "no",
          "rm": false,
          "security_opts": [],
          "shm_size": 64,
          "start": true,
          "stdin_open": false,
          "storage_opts": null,
          "sysctls": null,
          "tmpfs": null,
          "tty": false,
          "ulimit": [],
          "upload": [],
          "user": "",
          "userns_mode": "",
          "volumes": [
            {
              "container_path": "/home/deven/.gitconfig",
              "from_container": "",
              "host_path": "/Users/rennochj/.gitconfig",
              "read_only": false,
              "volume_name": ""
            },
            {
              "container_path": "/var/run/docker.sock",
              "from_container": "",
              "host_path": "/var/run/docker.sock",
              "read_only": null,
              "volume_name": ""
            },
            {
              "container_path": "/workspace",
              "from_container": "",
              "host_path": "",
              "read_only": false,
              "volume_name": "rennochj"
            }
          ],
          "working_dir": ""
        },
        "host": "unix:///var/run/docker.sock"
      },
      "type": [
        "object",
        {
          "container": [
            "object",
            {
              "attach": "bool",
              "bridge": "string",
              "capabilities": [
                "set",
                [
                  "object",
                  {
                    "add": [
                      "set",
                      "string"
                    ],
                    "drop": [
                      "set",
                      "string"
                    ]
                  }
                ]
              ],
              "command": [
                "list",
                "string"
              ],
              "container_logs": "string",
              "cpu_set": "string",
              "cpu_shares": "number",
              "destroy_grace_seconds": "number",
              "devices": [
                "set",
                [
                  "object",
                  {
                    "container_path": "string",
                    "host_path": "string",
                    "permissions": "string"
                  }
                ]
              ],
              "dns": [
                "set",
                "string"
              ],
              "dns_opts": [
                "set",
                "string"
              ],
              "dns_search": [
                "set",
                "string"
              ],
              "domainname": "string",
              "entrypoint": [
                "list",
                "string"
              ],
              "env": [
                "set",
                "string"
              ],
              "exit_code": "number",
              "gateway": "string",
              "group_add": [
                "set",
                "string"
              ],
              "healthcheck": [
                "list",
                [
                  "object",
                  {
                    "interval": "string",
                    "retries": "number",
                    "start_period": "string",
                    "test": [
                      "list",
                      "string"
                    ],
                    "timeout": "string"
                  }
                ]
              ],
              "host": [
                "set",
                [
                  "object",
                  {
                    "host": "string",
                    "ip": "string"
                  }
                ]
              ],
              "hostname": "string",
              "id": "string",
              "image": "string",
              "init": "bool",
              "ip_address": "string",
              "ip_prefix_length": "number",
              "ipc_mode": "string",
              "labels": [
                "set",
                [
                  "object",
                  {
                    "label": "string",
                    "value": "string"
                  }
                ]
              ],
              "links": [
                "set",
                "string"
              ],
              "log_driver": "string",
              "log_opts": [
                "map",
                "string"
              ],
              "logs": "bool",
              "max_retry_count": "number",
              "memory": "number",
              "memory_swap": "number",
              "mounts": [
                "set",
                [
                  "object",
                  {
                    "bind_options": [
                      "list",
                      [
                        "object",
                        {
                          "propagation": "string"
                        }
                      ]
                    ],
                    "read_only": "bool",
                    "source": "string",
                    "target": "string",
                    "tmpfs_options": [
                      "list",
                      [
                        "object",
                        {
                          "mode": "number",
                          "size_bytes": "number"
                        }
                      ]
                    ],
                    "type": "string",
                    "volume_options": [
                      "list",
                      [
                        "object",
                        {
                          "driver_name": "string",
                          "driver_options": [
                            "map",
                            "string"
                          ],
                          "labels": [
                            "set",
                            [
                              "object",
                              {
                                "label": "string",
                                "value": "string"
                              }
                            ]
                          ],
                          "no_copy": "bool"
                        }
                      ]
                    ]
                  }
                ]
              ],
              "must_run": "bool",
              "name": "string",
              "network_alias": [
                "set",
                "string"
              ],
              "network_data": [
                "list",
                [
                  "object",
                  {
                    "gateway": "string",
                    "global_ipv6_address": "string",
                    "global_ipv6_prefix_length": "number",
                    "ip_address": "string",
                    "ip_prefix_length": "number",
                    "ipv6_gateway": "string",
                    "network_name": "string"
                  }
                ]
              ],
              "network_mode": "string",
              "networks": [
                "set",
                "string"
              ],
              "networks_advanced": [
                "set",
                [
                  "object",
                  {
                    "aliases": [
                      "set",
                      "string"
                    ],
                    "ipv4_address": "string",
                    "ipv6_address": "string",
                    "name": "string"
                  }
                ]
              ],
              "pid_mode": "string",
              "ports": [
                "list",
                [
                  "object",
                  {
                    "external": "number",
                    "internal": "number",
                    "ip": "string",
                    "protocol": "string"
                  }
                ]
              ],
              "privileged": "bool",
              "publish_all_ports": "bool",
              "read_only": "bool",
              "remove_volumes": "bool",
              "restart": "string",
              "rm": "bool",
              "security_opts": [
                "set",
                "string"
              ],
              "shm_size": "number",
              "start": "bool",
              "stdin_open": "bool",
              "storage_opts": [
                "map",
                "string"
              ],
              "sysctls": [
                "map",
                "string"
              ],
              "tmpfs": [
                "map",
                "string"
              ],
              "tty": "bool",
              "ulimit": [
                "set",
                [
                  "object",
                  {
                    "hard": "number",
                    "name": "string",
                    "soft": "number"
                  }
                ]
              ],
              "upload": [
                "set",
                [
                  "object",
                  {
                    "content": "string",
                    "content_base64": "string",
                    "executable": "bool",
                    "file": "string",
                    "source": "string",
                    "source_hash": "string"
                  }
                ]
              ],
              "user": "string",
              "userns_mode": "string",
              "volumes": [
                "set",
                [
                  "object",
                  {
                    "container_path": "string",
                    "from_container": "string",
                    "host_path": "string",
                    "read_only": "bool",
                    "volume_name": "string"
                  }
                ]
              ],
              "working_dir": "string"
            }
          ],
          "host": "string"
        }
      ]
    }
  },
  "resources": [
    {
      "module": "module.deven-docker",
      "mode": "managed",
      "type": "docker_container",
      "name": "deven",
      "provider": "module.deven-docker.provider[\"registry.terraform.io/kreuzwerker/docker\"]",
      "instances": [
        {
          "schema_version": 2,
          "attributes": {
            "attach": false,
            "bridge": "",
            "capabilities": [],
            "command": [
              "/usr/sbin/sshd",
              "-D"
            ],
            "container_logs": null,
            "cpu_set": "",
            "cpu_shares": 0,
            "destroy_grace_seconds": null,
            "devices": [],
            "dns": null,
            "dns_opts": null,
            "dns_search": null,
            "domainname": "",
            "entrypoint": [],
            "env": [],
            "exit_code": null,
            "gateway": "172.17.0.1",
            "group_add": null,
            "healthcheck": null,
            "host": [],
            "hostname": "2c0798726407",
            "id": "2c079872640782910aea7125f0dffe1ab59682dbccc0642f3f4fc280b7e418ed",
            "image": "sha256:0259fd356ddcd98dea62a94460c783a76f917aeea1db98aa52976f34221e7ac2",
            "init": false,
            "ip_address": "172.17.0.4",
            "ip_prefix_length": 16,
            "ipc_mode": "private",
            "labels": [],
            "links": null,
            "log_driver": "json-file",
            "log_opts": null,
            "logs": false,
            "max_retry_count": 0,
            "memory": 0,
            "memory_swap": 0,
            "mounts": [],
            "must_run": true,
            "name": "deven",
            "network_alias": null,
            "network_data": [
              {
                "gateway": "172.17.0.1",
                "global_ipv6_address": "",
                "global_ipv6_prefix_length": 0,
                "ip_address": "172.17.0.4",
                "ip_prefix_length": 16,
                "ipv6_gateway": "",
                "network_name": "bridge"
              }
            ],
            "network_mode": "default",
            "networks": null,
            "networks_advanced": [],
            "pid_mode": "",
            "ports": [
              {
                "external": 32222,
                "internal": 22,
                "ip": "0.0.0.0",
                "protocol": "tcp"
              }
            ],
            "privileged": false,
            "publish_all_ports": false,
            "read_only": false,
            "remove_volumes": true,
            "restart": "no",
            "rm": false,
            "security_opts": [],
            "shm_size": 64,
            "start": true,
            "stdin_open": false,
            "storage_opts": null,
            "sysctls": null,
            "tmpfs": null,
            "tty": false,
            "ulimit": [],
            "upload": [],
            "user": "",
            "userns_mode": "",
            "volumes": [
              {
                "container_path": "/home/deven/.gitconfig",
                "from_container": "",
                "host_path": "/Users/rennochj/.gitconfig",
                "read_only": false,
                "volume_name": ""
              },
              {
                "container_path": "/var/run/docker.sock",
                "from_container": "",
                "host_path": "/var/run/docker.sock",
                "read_only": null,
                "volume_name": ""
              },
              {
                "container_path": "/workspace",
                "from_container": "",
                "host_path": "",
                "read_only": false,
                "volume_name": "rennochj"
              }
            ],
            "working_dir": ""
          },
          "sensitive_attributes": [],
          "private": "eyJzY2hlbWFfdmVyc2lvbiI6IjIifQ==",
          "dependencies": [
            "module.deven-docker.docker_image.deven",
            "module.deven-docker.docker_volume.deven-workspace"
          ]
        }
      ]
    },
    {
      "module": "module.deven-docker",
      "mode": "managed",
      "type": "docker_container",
      "name": "initialize-workspace",
      "provider": "module.deven-docker.provider[\"registry.terraform.io/kreuzwerker/docker\"]",
      "instances": [
        {
          "schema_version": 2,
          "attributes": {
            "attach": false,
            "bridge": "",
            "capabilities": [],
            "command": [
              "bash",
              "-c",
              "if [ -n 'https://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@github.com/rennochj/d4r-play.git' ]; then cd /workspace \u0026\u0026 git clone 'https://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@github.com/rennochj/d4r-play.git' \u0026\u0026 chown deven /workspace; fi"
            ],
            "container_logs": null,
            "cpu_set": "",
            "cpu_shares": 0,
            "destroy_grace_seconds": null,
            "devices": [],
            "dns": null,
            "dns_opts": null,
            "dns_search": null,
            "domainname": "",
            "entrypoint": [],
            "env": [],
            "exit_code": null,
            "gateway": "172.17.0.1",
            "group_add": null,
            "healthcheck": null,
            "host": [],
            "hostname": "de027e2b1731",
            "id": "de027e2b173110b074ce97f807317658f4977c5bd7256a80ad9925cd3c64b884",
            "image": "sha256:22d44f33ffb4c63298324502e4a9dd2a501898befb1772f90759760ba077903a",
            "init": false,
            "ip_address": "172.17.0.3",
            "ip_prefix_length": 16,
            "ipc_mode": "private",
            "labels": [],
            "links": null,
            "log_driver": "json-file",
            "log_opts": null,
            "logs": false,
            "max_retry_count": 0,
            "memory": 0,
            "memory_swap": 0,
            "mounts": [],
            "must_run": false,
            "name": "deven-initialize-workspace",
            "network_alias": null,
            "network_data": [
              {
                "gateway": "172.17.0.1",
                "global_ipv6_address": "",
                "global_ipv6_prefix_length": 0,
                "ip_address": "172.17.0.3",
                "ip_prefix_length": 16,
                "ipv6_gateway": "",
                "network_name": "bridge"
              }
            ],
            "network_mode": "default",
            "networks": null,
            "networks_advanced": [],
            "pid_mode": "",
            "ports": [],
            "privileged": false,
            "publish_all_ports": false,
            "read_only": false,
            "remove_volumes": true,
            "restart": "no",
            "rm": false,
            "security_opts": [],
            "shm_size": 64,
            "start": true,
            "stdin_open": false,
            "storage_opts": null,
            "sysctls": null,
            "tmpfs": null,
            "tty": true,
            "ulimit": [],
            "upload": [],
            "user": "",
            "userns_mode": "",
            "volumes": [
              {
                "container_path": "/workspace",
                "from_container": "",
                "host_path": "",
                "read_only": false,
                "volume_name": "rennochj"
              }
            ],
            "working_dir": ""
          },
          "sensitive_attributes": [],
          "private": "eyJzY2hlbWFfdmVyc2lvbiI6IjIifQ==",
          "dependencies": [
            "module.deven-docker.docker_image.alpine-git",
            "module.deven-docker.docker_volume.deven-workspace"
          ]
        }
      ]
    },
    {
      "module": "module.deven-docker",
      "mode": "managed",
      "type": "docker_image",
      "name": "alpine-git",
      "provider": "module.deven-docker.provider[\"registry.terraform.io/kreuzwerker/docker\"]",
      "instances": [
        {
          "schema_version": 0,
          "attributes": {
            "build": [],
            "force_remove": null,
            "id": "sha256:22d44f33ffb4c63298324502e4a9dd2a501898befb1772f90759760ba077903aghcr.io/rennochj/deven-alpine-base:latest",
            "keep_locally": false,
            "latest": "sha256:22d44f33ffb4c63298324502e4a9dd2a501898befb1772f90759760ba077903a",
            "name": "ghcr.io/rennochj/deven-alpine-base:latest",
            "output": null,
            "pull_trigger": null,
            "pull_triggers": null,
            "repo_digest": "ghcr.io/rennochj/deven-alpine-base@sha256:e08c807aeec98de0ec876780a2c8dd5f1bc64789db69aa2ac526ade4f4b91899"
          },
          "sensitive_attributes": [],
          "private": "bnVsbA=="
        }
      ]
    },
    {
      "module": "module.deven-docker",
      "mode": "managed",
      "type": "docker_image",
      "name": "deven",
      "provider": "module.deven-docker.provider[\"registry.terraform.io/kreuzwerker/docker\"]",
      "instances": [
        {
          "schema_version": 0,
          "attributes": {
            "build": [],
            "force_remove": null,
            "id": "sha256:0259fd356ddcd98dea62a94460c783a76f917aeea1db98aa52976f34221e7ac2ghcr.io/rennochj/deven-ubuntu-base:latest",
            "keep_locally": false,
            "latest": "sha256:0259fd356ddcd98dea62a94460c783a76f917aeea1db98aa52976f34221e7ac2",
            "name": "ghcr.io/rennochj/deven-ubuntu-base:latest",
            "output": null,
            "pull_trigger": null,
            "pull_triggers": null,
            "repo_digest": "ghcr.io/rennochj/deven-ubuntu-base@sha256:19f8530e50e10920463a12d74bb9b5e1bbb67d2fc66c066351c006412fd0327a"
          },
          "sensitive_attributes": [],
          "private": "bnVsbA=="
        }
      ]
    },
    {
      "module": "module.deven-docker",
      "mode": "managed",
      "type": "docker_volume",
      "name": "deven-workspace",
      "provider": "module.deven-docker.provider[\"registry.terraform.io/kreuzwerker/docker\"]",
      "instances": [
        {
          "schema_version": 1,
          "attributes": {
            "driver": "local",
            "driver_opts": null,
            "id": "rennochj",
            "labels": [],
            "mountpoint": "/var/lib/docker/volumes/rennochj/_data",
            "name": "rennochj"
          },
          "sensitive_attributes": [],
          "private": "eyJzY2hlbWFfdmVyc2lvbiI6IjEifQ=="
        }
      ]
    }
  ]
}
