{
  "version": 4,
  "terraform_version": "1.1.8",
  "serial": 82,
  "lineage": "f227f9bc-be4d-4c11-2f98-9f1b01a46784",
  "outputs": {
    "deven-pod-name": {
      "value": "deven",
      "type": "string"
    },
    "kubernetes-cluster": {
      "value": "kubernetes.docker.internal",
      "type": "string"
    },
    "ssh-port": {
      "value": 32222,
      "type": "number"
    }
  },
  "resources": [
    {
      "module": "module.deven-k8s",
      "mode": "managed",
      "type": "kubernetes_namespace",
      "name": "deven",
      "provider": "module.deven-k8s.provider[\"registry.terraform.io/hashicorp/kubernetes\"]",
      "instances": [
        {
          "schema_version": 0,
          "attributes": {
            "id": "deven",
            "metadata": [
              {
                "annotations": {},
                "generate_name": "",
                "generation": 0,
                "labels": {},
                "name": "deven",
                "resource_version": "975145",
                "uid": "b4d4452b-cff0-4be9-945a-afd22fb8f106"
              }
            ],
            "timeouts": null
          },
          "sensitive_attributes": [],
          "private": "eyJlMmJmYjczMC1lY2FhLTExZTYtOGY4OC0zNDM2M2JjN2M0YzAiOnsiZGVsZXRlIjozMDAwMDAwMDAwMDB9fQ=="
        }
      ]
    },
    {
      "module": "module.deven-k8s",
      "mode": "managed",
      "type": "kubernetes_pod",
      "name": "deven",
      "provider": "module.deven-k8s.provider[\"registry.terraform.io/hashicorp/kubernetes\"]",
      "instances": [
        {
          "schema_version": 1,
          "attributes": {
            "id": "deven/deven",
            "metadata": [
              {
                "annotations": {},
                "generate_name": "",
                "generation": 0,
                "labels": {
                  "app": "deven-app"
                },
                "name": "deven",
                "namespace": "deven",
                "resource_version": "975177",
                "uid": "82b1973e-6d68-42aa-a802-404f780d0507"
              }
            ],
            "spec": [
              {
                "active_deadline_seconds": 0,
                "affinity": [],
                "automount_service_account_token": true,
                "container": [
                  {
                    "args": [],
                    "command": [],
                    "env": [],
                    "env_from": [],
                    "image": "ghcr.io/rennochj/deven-amazon-base:latest",
                    "image_pull_policy": "Always",
                    "lifecycle": [],
                    "liveness_probe": [],
                    "name": "deven-container",
                    "port": [
                      {
                        "container_port": 22,
                        "host_ip": "",
                        "host_port": 0,
                        "name": "",
                        "protocol": "TCP"
                      }
                    ],
                    "readiness_probe": [],
                    "resources": [
                      {
                        "limits": null,
                        "requests": null
                      }
                    ],
                    "security_context": [],
                    "startup_probe": [],
                    "stdin": false,
                    "stdin_once": false,
                    "termination_message_path": "/dev/termination-log",
                    "termination_message_policy": "File",
                    "tty": false,
                    "volume_mount": [
                      {
                        "mount_path": "/workspace",
                        "mount_propagation": "None",
                        "name": "rennochj-playgroud-workspace",
                        "read_only": false,
                        "sub_path": ""
                      }
                    ],
                    "working_dir": ""
                  }
                ],
                "dns_config": [],
                "dns_policy": "ClusterFirst",
                "enable_service_links": true,
                "host_aliases": [],
                "host_ipc": false,
                "host_network": false,
                "host_pid": false,
                "hostname": "",
                "image_pull_secrets": [
                  {
                    "name": "package-ghcr-io"
                  }
                ],
                "init_container": [
                  {
                    "args": [],
                    "command": [
                      "ash",
                      "-c",
                      "cd /workspace \u0026\u0026 git clone 'https://github.com/rennochj/deven.git'"
                    ],
                    "env": [],
                    "env_from": [],
                    "image": "alpine/git",
                    "image_pull_policy": "Always",
                    "lifecycle": [],
                    "liveness_probe": [],
                    "name": "init-deven-workspace",
                    "port": [],
                    "readiness_probe": [],
                    "resources": [
                      {
                        "limits": null,
                        "requests": null
                      }
                    ],
                    "security_context": [],
                    "startup_probe": [],
                    "stdin": false,
                    "stdin_once": false,
                    "termination_message_path": "/dev/termination-log",
                    "termination_message_policy": "File",
                    "tty": false,
                    "volume_mount": [
                      {
                        "mount_path": "/workspace",
                        "mount_propagation": "None",
                        "name": "rennochj-playgroud-workspace",
                        "read_only": false,
                        "sub_path": ""
                      }
                    ],
                    "working_dir": ""
                  }
                ],
                "node_name": "docker-desktop",
                "node_selector": {},
                "priority_class_name": "",
                "readiness_gate": [],
                "restart_policy": "Always",
                "security_context": [
                  {
                    "fs_group": "1000",
                    "run_as_group": "",
                    "run_as_non_root": false,
                    "run_as_user": "",
                    "se_linux_options": [],
                    "seccomp_profile": [],
                    "supplemental_groups": [],
                    "sysctl": []
                  }
                ],
                "service_account_name": "default",
                "share_process_namespace": false,
                "subdomain": "",
                "termination_grace_period_seconds": 30,
                "toleration": [],
                "topology_spread_constraint": [],
                "volume": [
                  {
                    "aws_elastic_block_store": [],
                    "azure_disk": [],
                    "azure_file": [],
                    "ceph_fs": [],
                    "cinder": [],
                    "config_map": [],
                    "csi": [],
                    "downward_api": [],
                    "empty_dir": [
                      {
                        "medium": "",
                        "size_limit": ""
                      }
                    ],
                    "fc": [],
                    "flex_volume": [],
                    "flocker": [],
                    "gce_persistent_disk": [],
                    "git_repo": [],
                    "glusterfs": [],
                    "host_path": [],
                    "iscsi": [],
                    "local": [],
                    "name": "rennochj-playgroud-workspace",
                    "nfs": [],
                    "persistent_volume_claim": [],
                    "photon_persistent_disk": [],
                    "projected": [],
                    "quobyte": [],
                    "rbd": [],
                    "secret": [],
                    "vsphere_volume": []
                  }
                ]
              }
            ],
            "timeouts": null
          },
          "sensitive_attributes": [],
          "private": "eyJlMmJmYjczMC1lY2FhLTExZTYtOGY4OC0zNDM2M2JjN2M0YzAiOnsiY3JlYXRlIjozMDAwMDAwMDAwMDAsImRlbGV0ZSI6MzAwMDAwMDAwMDAwfSwic2NoZW1hX3ZlcnNpb24iOiIxIn0=",
          "dependencies": [
            "module.deven-k8s.kubernetes_namespace.deven"
          ]
        }
      ]
    },
    {
      "module": "module.deven-k8s",
      "mode": "managed",
      "type": "kubernetes_secret",
      "name": "deven_secret",
      "provider": "module.deven-k8s.provider[\"registry.terraform.io/hashicorp/kubernetes\"]",
      "instances": [
        {
          "schema_version": 0,
          "attributes": {
            "binary_data": null,
            "data": {
              ".dockerconfigjson": "{\"auths\":{\"ghcr.io\":{\"auth\":\"cmVubm9jaGo6Z2hwX0E2b01YQjNkMmpvczJPdkpscFN4MGt0dnEyT0N2QzNYd0F1UA==\"}}}"
            },
            "id": "deven/package-ghcr-io",
            "immutable": false,
            "metadata": [
              {
                "annotations": {},
                "generate_name": "",
                "generation": 0,
                "labels": {},
                "name": "package-ghcr-io",
                "namespace": "deven",
                "resource_version": "975150",
                "uid": "2f5753ea-9f62-4811-8f0f-5e2890940841"
              }
            ],
            "type": "kubernetes.io/dockerconfigjson"
          },
          "sensitive_attributes": [],
          "private": "bnVsbA==",
          "dependencies": [
            "module.deven-k8s.kubernetes_namespace.deven"
          ]
        }
      ]
    },
    {
      "module": "module.deven-k8s",
      "mode": "managed",
      "type": "kubernetes_service",
      "name": "deven",
      "provider": "module.deven-k8s.provider[\"registry.terraform.io/hashicorp/kubernetes\"]",
      "instances": [
        {
          "schema_version": 1,
          "attributes": {
            "id": "deven/deven-service",
            "metadata": [
              {
                "annotations": {},
                "generate_name": "",
                "generation": 0,
                "labels": {},
                "name": "deven-service",
                "namespace": "deven",
                "resource_version": "975187",
                "uid": "000a0ec5-2119-4276-9110-3f1c080a1be3"
              }
            ],
            "spec": [
              {
                "cluster_ip": "10.99.193.137",
                "external_ips": [],
                "external_name": "",
                "external_traffic_policy": "Cluster",
                "health_check_node_port": 0,
                "ip_families": [
                  "IPv4"
                ],
                "ip_family_policy": "SingleStack",
                "load_balancer_ip": "",
                "load_balancer_source_ranges": [],
                "port": [
                  {
                    "app_protocol": "",
                    "name": "p1",
                    "node_port": 32222,
                    "port": 22,
                    "protocol": "TCP",
                    "target_port": "22"
                  }
                ],
                "publish_not_ready_addresses": false,
                "selector": {
                  "app": "deven-app"
                },
                "session_affinity": "None",
                "type": "NodePort"
              }
            ],
            "status": [
              {
                "load_balancer": [
                  {
                    "ingress": [
                      {
                        "hostname": "localhost",
                        "ip": ""
                      }
                    ]
                  }
                ]
              }
            ],
            "timeouts": null,
            "wait_for_load_balancer": true
          },
          "sensitive_attributes": [],
          "private": "eyJlMmJmYjczMC1lY2FhLTExZTYtOGY4OC0zNDM2M2JjN2M0YzAiOnsiY3JlYXRlIjo2MDAwMDAwMDAwMDB9LCJzY2hlbWFfdmVyc2lvbiI6IjEifQ==",
          "dependencies": [
            "module.deven-k8s.kubernetes_namespace.deven",
            "module.deven-k8s.kubernetes_pod.deven"
          ]
        }
      ]
    }
  ]
}
